{
  "name": "zenware",
  "version": "1.0.0",
  "lockfileVersion": 3,
  "requires": true,
  "packages": {
    "": {
      "name": "zenware",
      "version": "1.0.0",
      "license": "ISC",
      "devDependencies": {
        "@oneshot101/luau-bundler": "^0.4.13"
      }
    },
    "node_modules/@oneshot101/luau-bundler": {
      "version": "0.4.13",
      "resolved": "https://registry.npmjs.org/@oneshot101/luau-bundler/-/luau-bundler-0.4.13.tgz",
      "integrity": "sha512-UOU6+G5MpGzkdxjjrAw7yDHb6Ub/pzL6zWhw/+acQBwi4PPeAVod99bzP349Oka0J/88IWVoB89fEaPshqiLzw==",
      "dev": true,
      "license": "MIT",
      "bin": {
        "luau-bundler": "dist/cli.js"
      },
      "engines": {
        "node": ">=18.0.0"
      }
    }
  }
}
